// !$*UTF8*$!
{
	archiveVersion = 1;
	classes = {
	};
	objectVersion = 46;
	objects = {

/* Begin PBXBuildFile section */
		0F5465281D69A8890014CC58 /* AppDelegate.swift in Sources */ = {isa = PBXBuildFile; fileRef = 0F5465271D69A8890014CC58 /* AppDelegate.swift */; };
		0F54652A1D69A8890014CC58 /* ViewController.swift in Sources */ = {isa = PBXBuildFile; fileRef = 0F5465291D69A8890014CC58 /* ViewController.swift */; };
		0F54652D1D69A8890014CC58 /* Main.storyboard in Resources */ = {isa = PBXBuildFile; fileRef = 0F54652B1D69A8890014CC58 /* Main.storyboard */; };
		0F54652F1D69A8890014CC58 /* Assets.xcassets in Resources */ = {isa = PBXBuildFile; fileRef = 0F54652E1D69A8890014CC58 /* Assets.xcassets */; };
		0F5465321D69A8890014CC58 /* LaunchScreen.storyboard in Resources */ = {isa = PBXBuildFile; fileRef = 0F5465301D69A8890014CC58 /* LaunchScreen.storyboard */; };
		0F54653A1D69A89D0014CC58 /* MapKit.framework in Frameworks */ = {isa = PBXBuildFile; fileRef = 0F5465391D69A89D0014CC58 /* MapKit.framework */; };
/* End PBXBuildFile section */

/* Begin PBXFileReference section */
		0F5465241D69A8890014CC58 /* mapview.app */ = {isa = PBXFileReference; explicitFileType = wrapper.application; includeInIndex = 0; path = mapview.app; sourceTree = BUILT_PRODUCTS_DIR; };
		0F5465271D69A8890014CC58 /* AppDelegate.swift */ = {isa = PBXFileReference; lastKnownFileType = sourcecode.swift; path = AppDelegate.swift; sourceTree = "<group>"; };
		0F5465291D69A8890014CC58 /* ViewController.swift */ = {isa = PBXFileReference; lastKnownFileType = sourcecode.swift; path = ViewController.swift; sourceTree = "<group>"; };
		0F54652C1D69A8890014CC58 /* Base */ = {isa = PBXFileReference; lastKnownFileType = file.storyboard; name = Base; path = Base.lproj/Main.storyboard; sourceTree = "<group>"; };
		0F54652E1D69A8890014CC58 /* Assets.xcassets */ = {isa = PBXFileReference; lastKnownFileType = folder.assetcatalog; path = Assets.xcassets; sourceTree = "<group>"; };
		0F5465311D69A8890014CC58 /* Base */ = {isa = PBXFileReference; lastKnownFileType = file.storyboard; name = Base; path = Base.lproj/LaunchScreen.storyboard; sourceTree = "<group>"; };
		0F5465331D69A8890014CC58 /* Info.plist */ = {isa = PBXFileReference; lastKnownFileType = text.plist.xml; path = Info.plist; sourceTree = "<group>"; };
		0F5465391D69A89D0014CC58 /* MapKit.framework */ = {isa = PBXFileReference; lastKnownFileType = wrapper.framework; name = MapKit.framework; path = System/Library/Frameworks/MapKit.framework; sourceTree = SDKROOT; };
/* End PBXFileReference section */

/* Begin PBXFrameworksBuildPhase section */
		0F5465211D69A8890014CC58 /* Frameworks */ = {
			isa = PBXFrameworksBuildPhase;
			buildActionMask = 2147483647;
			files = (
				0F54653A1D69A89D0014CC58 /* MapKit.framework in Frameworks */,
			);
			runOnlyForDeploymentPostprocessing = 0;
		};
/* End PBXFrameworksBuildPhase section */

/* Begin PBXGroup section */
		0F54651B1D69A8890014CC58 = {
			isa = PBXGroup;
			children = (
				0F5465391D69A89D0014CC58 /* MapKit.framework */,
				0F5465261D69A8890014CC58 /* mapview */,
				0F5465251D69A8890014CC58 /* Products */,
			);
			sourceTree = "<group>";
		};
		0F5465251D69A8890014CC58 /* Products */ = {
			isa = PBXGroup;
			children = (
				0F5465241D69A8890014CC58 /* mapview.app */,
			);
			name = Products;
			sourceTree = "<group>";
		};
		0F5465261D69A8890014CC58 /* mapview */ = {
			isa = PBXGroup;
			children = (
				0F5465271D69A8890014CC58 /* AppDelegate.swift */,
				0F5465291D69A8890014CC58 /* ViewController.swift */,
				0F54652B1D69A8890014CC58 /* Main.storyboard */,
				0F54652E1D69A8890014CC58 /* Assets.xcassets */,
				0F5465301D69A8890014CC58 /* LaunchScreen.storyboard */,
				0F5465331D69A8890014CC58 /* Info.plist */,
			);
			path = mapview;
			sourceTree = "<group>";
		};
/* End PBXGroup section */

/* Begin PBXNativeTarget section */
		0F5465231D69A8890014CC58 /* mapview */ = {
			isa = PBXNativeTarget;
			buildConfigurationList = 0F5465361D69A8890014CC58 /* Build configuration list for PBXNativeTarget "mapview" */;
			buildPhases = (
				0F5465201D69A8890014CC58 /* Sources */,
				0F5465211D69A8890014CC58 /* Frameworks */,
				0F5465221D69A8890014CC58 /* Resources */,
			);
			buildRules = (
			);
			dependencies = (
			);
			name = mapview;
			productName = mapview;
			productReference = 0F5465241D69A8890014CC58 /* mapview.app */;
			productType = "com.apple.product-type.application";
		};
/* End PBXNativeTarget section */

/* Begin PBXProject section */
		0F54651C1D69A8890014CC58 /* Project object */ = {
			isa = PBXProject;
			attributes = {
				LastSwiftUpdateCheck = 0730;
				LastUpgradeCheck = 0730;
				ORGANIZATIONNAME = pattyhama;
				TargetAttributes = {
					0F5465231D69A8890014CC58 = {
						CreatedOnToolsVersion = 7.3.1;
					};
				};
			};
			buildConfigurationList = 0F54651F1D69A8890014CC58 /* Build configuration list for PBXProject "mapview" */;
			compatibilityVersion = "Xcode 3.2";
			developmentRegion = English;
			hasScannedForEncodings = 0;
			knownRegions = (
				en,
				Base,
			);
			mainGroup = 0F54651B1D69A8890014CC58;
			productRefGroup = 0F5465251D69A8890014CC58 /* Products */;
			projectDirPath = "";
			projectRoot = "";
			targets = (
				0F5465231D69A8890014CC58 /* mapview */,
			);
		};
/* End PBXProject section */

/* Begin PBXResourcesBuildPhase section */
		0F5465221D69A8890014CC58 /* Resources */ = {
			isa = PBXResourcesBuildPhase;
			buildActionMask = 2147483647;
			files = (
				0F5465321D69A8890014CC58 /* LaunchScreen.storyboard in Resources */,
				0F54652F1D69A8890014CC58 /* Assets.xcassets in Resources */,
				0F54652D1D69A8890014CC58 /* Main.storyboard in Resources */,
			);
			runOnlyForDeploymentPostprocessing = 0;
		};
/* End PBXResourcesBuildPhase section */

/* Begin PBXSourcesBuildPhase section */
		0F5465201D69A8890014CC58 /* Sources */ = {
			isa = PBXSourcesBuildPhase;
			buildActionMask = 2147483647;
			files = (
				0F54652A1D69A8890014CC58 /* ViewController.swift in Sources */,
				0F5465281D69A8890014CC58 /* AppDelegate.swift in Sources */,
			);
			runOnlyForDeploymentPostprocessing = 0;
		};
/* End PBXSourcesBuildPhase section */

/* Begin PBXVariantGroup section */
		0F54652B1D69A8890014CC58 /* Main.storyboard */ = {
			isa = PBXVariantGroup;
			children = (
				0F54652C1D69A8890014CC58 /* Base */,
			);
			name = Main.storyboard;
			sourceTree = "<group>";
		};
		0F5465301D69A8890014CC58 /* LaunchScreen.storyboard */ = {
			isa = PBXVariantGroup;
			children = (
				0F5465311D69A8890014CC58 /* Base */,
			);
			name = LaunchScreen.storyboard;
			sourceTree = "<group>";
		};
/* End PBXVariantGroup section */

/* Begin XCBuildConfiguration section */
		0F5465341D69A8890014CC58 /* Debug */ = {
			isa = XCBuildConfiguration;
			buildSettings = {
				ALWAYS_SEARCH_USER_PATHS = NO;
				CLANG_ANALYZER_NONNULL = YES;
				CLANG_CXX_LANGUAGE_STANDARD = "gnu++0x";
				CLANG_CXX_LIBRARY = "libc++";
				CLANG_ENABLE_MODULES = YES;
				CLANG_ENABLE_OBJC_ARC = YES;
				CLANG_WARN_BOOL_CONVERSION = YES;
				CLANG_WARN_CONSTANT_CONVERSION = YES;
				CLANG_WARN_DIRECT_OBJC_ISA_USAGE = YES_ERROR;
				CLANG_WARN_EMPTY_BODY = YES;
				CLANG_WARN_ENUM_CONVERSION = YES;
				CLANG_WARN_INT_CONVERSION = YES;
				CLANG_WARN_OBJC_ROOT_CLASS = YES_ERROR;
				CLANG_WARN_UNREACHABLE_CODE = YES;
				CLANG_WARN__DUPLICATE_METHOD_MATCH = YES;
				"CODE_SIGN_IDENTITY[sdk=iphoneos*]" = "iPhone Developer";
				COPY_PHASE_STRIP = NO;
				DEBUG_INFORMATION_FORMAT = dwarf;
				ENABLE_STRICT_OBJC_MSGSEND = YES;
				ENABLE_TESTABILITY = YES;
				GCC_C_LANGUAGE_STANDARD = gnu99;
				GCC_DYNAMIC_NO_PIC = NO;
				GCC_NO_COMMON_BLOCKS = YES;
				GCC_OPTIMIZATION_LEVEL = 0;
				GCC_PREPROCESSOR_DEFINITIONS = (
					"DEBUG=1",
					"$(inherited)",
				);
				GCC_WARN_64_TO_32_BIT_CONVERSION = YES;
				GCC_WARN_ABOUT_RETURN_TYPE = YES_ERROR;
				GCC_WARN_UNDECLARED_SELECTOR = YES;
				GCC_WARN_UNINITIALIZED_AUTOS = YES_AGGRESSIVE;
				GCC_WARN_UNUSED_FUNCTION = YES;
				GCC_WARN_UNUSED_VARIABLE = YES;
				IPHONEOS_DEPLOYMENT_TARGET = 9.3;
				MTL_ENABLE_DEBUG_INFO = YES;
				ONLY_ACTIVE_ARCH = YES;
				SDKROOT = iphoneos;
				SWIFT_OPTIMIZATION_LEVEL = "-Onone";
			};
			name = Debug;
		};
		0F5465351D69A8890014CC58 /* Release */ = {
			isa = XCBuildConfiguration;
			buildSettings = {
				ALWAYS_SEARCH_USER_PATHS = NO;
				CLANG_ANALYZER_NONNULL = YES;
				CLANG_CXX_LANGUAGE_STANDARD = "gnu++0x";
				CLANG_CXX_LIBRARY = "libc++";
				CLANG_ENABLE_MODULES = YES;
				CLANG_ENABLE_OBJC_ARC = YES;
				CLANG_WARN_BOOL_CONVERSION = YES;
				CLANG_WARN_CONSTANT_CONVERSION = YES;
				CLANG_WARN_DIRECT_OBJC_ISA_USAGE = YES_ERROR;
				CLANG_WARN_EMPTY_BODY = YES;
				CLANG_WARN_ENUM_CONVERSION = YES;
				CLANG_WARN_INT_CONVERSION = YES;
				CLANG_WARN_OBJC_ROOT_CLASS = YES_ERROR;
				CLANG_WARN_UNREACHABLE_CODE = YES;
				CLANG_WARN__DUPLICATE_METHOD_MATCH = YES;
				"CODE_SIGN_IDENTITY[sdk=iphoneos*]" = "iPhone Developer";
				COPY_PHASE_STRIP = NO;
				DEBUG_INFORMATION_FORMAT = "dwarf-with-dsym";
				ENABLE_NS_ASSERTIONS = NO;
				ENABLE_STRICT_OBJC_MSGSEND = YES;
				GCC_C_LANGUAGE_STANDARD = gnu99;
				GCC_NO_COMMON_BLOCKS = YES;
				GCC_WARN_64_TO_32_BIT_CONVERSION = YES;
				GCC_WARN_ABOUT_RETURN_TYPE = YES_ERROR;
				GCC_WARN_UNDECLARED_SELECTOR = YES;
				GCC_WARN_UNINITIALIZED_AUTOS = YES_AGGRESSIVE;
				GCC_WARN_UNUSED_FUNCTION = YES;
				GCC_WARN_UNUSED_VARIABLE = YES;
				IPHONEOS_DEPLOYMENT_TARGET = 9.3;
				MTL_ENABLE_DEBUG_INFO = NO;
				SDKROOT = iphoneos;
				VALIDATE_PRODUCT = YES;
			};
			name = Release;
		};
		0F5465371D69A8890014CC58 /* Debug */ = {
			isa = XCBuildConfiguration;
			buildSettings = {
				ASSETCATALOG_COMPILER_APPICON_NAME = AppIcon;
				INFOPLIST_FILE = mapview/Info.plist;
				LD_RUNPATH_SEARCH_PATHS = "$(inherited) @executable_path/Frameworks";
				PRODUCT_BUNDLE_IDENTIFIER = pattyhama.mapview;
				PRODUCT_NAME = "$(TARGET_NAME)";
			};
			name = Debug;
		};
		0F5465381D69A8890014CC58 /* Release */ = {
			isa = XCBuildConfiguration;
			buildSettings = {
				ASSETCATALOG_COMPILER_APPICON_NAME = AppIcon;
				INFOPLIST_FILE = mapview/Info.plist;
				LD_RUNPATH_SEARCH_PATHS = "$(inherited) @executable_path/Frameworks";
				PRODUCT_BUNDLE_IDENTIFIER = pattyhama.mapview;
				PRODUCT_NAME = "$(TARGET_NAME)";
			};
			name = Release;
		};
/* End XCBuildConfiguration section */

/* Begin XCConfigurationList section */
		0F54651F1D69A8890014CC58 /* Build configuration list for PBXProject "mapview" */ = {
			isa = XCConfigurationList;
			buildConfigurations = (
				0F5465341D69A8890014CC58 /* Debug */,
				0F5465351D69A8890014CC58 /* Release */,
			);
			defaultConfigurationIsVisible = 0;
			defaultConfigurationName = Release;
		};
		0F5465361D69A8890014CC58 /* Build configuration list for PBXNativeTarget "mapview" */ = {
			isa = XCConfigurationList;
			buildConfigurations = (
				0F5465371D69A8890014CC58 /* Debug */,
				0F5465381D69A8890014CC58 /* Release */,
			);
			defaultConfigurationIsVisible = 0;
		};
/* End XCConfigurationList section */
	};
	rootObject = 0F54651C1D69A8890014CC58 /* Project object */;
}
